
Microsoft Visual Studio Solution File, Format Version 12.00
# Visual Studio Version 17
VisualStudioVersion = 17.6.33815.320
MinimumVisualStudioVersion = 10.0.40219.1
Project("{FAE04EC0-301F-11D3-BF4B-00C04F79EFBC}") = "BoyStory_20230623", "BoyStory_20230623\BoyStory_20230623.csproj", "{08CF34F1-6EAE-4E33-A480-0D3785B01633}"
EndProject
Global
	GlobalSection(SolutionConfigurationPlatforms) = preSolution
		Debug|Any CPU = Debug|Any CPU
		Release|Any CPU = Release|Any CPU
	EndGlobalSection
	GlobalSection(ProjectConfigurationPlatforms) = postSolution
		{08CF34F1-6EAE-4E33-A480-0D3785B01633}.Debug|Any CPU.ActiveCfg = Debug|Any CPU
		{08CF34F1-6EAE-4E33-A480-0D3785B01633}.Debug|Any CPU.Build.0 = Debug|Any CPU
		{08CF34F1-6EAE-4E33-A480-0D3785B01633}.Release|Any CPU.ActiveCfg = Release|Any CPU
		{08CF34F1-6EAE-4E33-A480-0D3785B01633}.Release|Any CPU.Build.0 = Release|Any CPU
	EndGlobalSection
	GlobalSection(SolutionProperties) = preSolution
		HideSolutionNode = FALSE
	EndGlobalSection
	GlobalSection(ExtensibilityGlobals) = postSolution
		SolutionGuid = {EAD0A0D4-C9FE-4BA9-B183-AAF8D6E67962}
	EndGlobalSection
EndGlobal
